
Microsoft Visual Studio Solution File, Format Version 12.00
# Visual Studio Version 16
VisualStudioVersion = 16.0.31729.503
MinimumVisualStudioVersion = 10.0.40219.1
Project("{FAE04EC0-301F-11D3-BF4B-00C04F79EFBC}") = "Delegate_lab", "Delegate_lab\Delegate_lab.csproj", "{3E5DE16B-7135-4D97-B0D4-D908002BE3FE}"
EndProject
Global
	GlobalSection(SolutionConfigurationPlatforms) = preSolution
		Debug|Any CPU = Debug|Any CPU
		Release|Any CPU = Release|Any CPU
	EndGlobalSection
	GlobalSection(ProjectConfigurationPlatforms) = postSolution
		{3E5DE16B-7135-4D97-B0D4-D908002BE3FE}.Debug|Any CPU.ActiveCfg = Debug|Any CPU
		{3E5DE16B-7135-4D97-B0D4-D908002BE3FE}.Debug|Any CPU.Build.0 = Debug|Any CPU
		{3E5DE16B-7135-4D97-B0D4-D908002BE3FE}.Release|Any CPU.ActiveCfg = Release|Any CPU
		{3E5DE16B-7135-4D97-B0D4-D908002BE3FE}.Release|Any CPU.Build.0 = Release|Any CPU
	EndGlobalSection
	GlobalSection(SolutionProperties) = preSolution
		HideSolutionNode = FALSE
	EndGlobalSection
	GlobalSection(ExtensibilityGlobals) = postSolution
		SolutionGuid = {0ACA93FA-1499-496F-BE70-A549607BD97B}
	EndGlobalSection
EndGlobal
